# This file is automatically @generated by Cargo.
# It is not intended for manual editing.
version = 3

[[package]]
name = "example-project"
version = "0.1.0"
dependencies = [
 "weblab",
]

[[package]]
name = "proc-macro2"
version = "1.0.36"
source = "registry+https://github.com/rust-lang/crates.io-index"
checksum = "c7342d5883fbccae1cc37a2353b09c87c9b0f3afd73f5fb9bba687a1f733b029"
dependencies = [
 "unicode-xid",
]

[[package]]
name = "quote"
version = "1.0.15"
source = "registry+https://github.com/rust-lang/crates.io-index"
checksum = "864d3e96a899863136fc6e99f3d7cae289dafe43bf2c5ac19b70df7210c0a145"
dependencies = [
 "proc-macro2",
]

[[package]]
name = "syn"
version = "1.0.86"
source = "registry+https://github.com/rust-lang/crates.io-index"
checksum = "8a65b3f4ffa0092e9887669db0eae07941f023991ab58ea44da8fe8e2d511c6b"
dependencies = [
 "proc-macro2",
 "quote",
 "unicode-xid",
]

[[package]]
name = "unicode-xid"
version = "0.2.2"
source = "registry+https://github.com/rust-lang/crates.io-index"
checksum = "8ccb82d61f80a663efe1f787a51b16b5a51e3314d6ac365b08639f52387b33f3"

[[package]]
name = "weblab"
version = "0.1.0"
dependencies = [
 "weblab-assignment-structure 0.1.0 (registry+https://github.com/rust-lang/crates.io-index)",
 "weblab-macros 0.1.0",
]

[[package]]
name = "weblab-assignment-structure"
version = "0.1.0"

[[package]]
name = "weblab-assignment-structure"
version = "0.1.0"
source = "registry+https://github.com/rust-lang/crates.io-index"
checksum = "fe322963b1b59b3188d3cfe81d35bed23c0b09a9bba1312631f66c5d2798c4c1"

[[package]]
name = "weblab-macros"
version = "0.1.0"
source = "registry+https://github.com/rust-lang/crates.io-index"
checksum = "0479f2cb97b849ebb200fe6cef18f2fe0d2870c5751c661204acceed60928304"
dependencies = [
 "proc-macro2",
 "quote",
 "syn",
]

[[package]]
name = "weblab-macros"
version = "0.1.1"
dependencies = [
 "proc-macro2",
 "quote",
 "syn",
]
